lockfileVersion: '9.0'

settings:
  autoInstallPeers: true
  excludeLinksFromLockfile: false

importers:

  .:
    dependencies:
      react-router:
        specifier: ^8.0.1
        version: 8.0.1(react@19.2.7)

packages:

  cookie-es@3.1.1:
    resolution: {integrity: sha512-UaXxwISYJPTr9hwQxMFYZ7kNhSXboMXP+Z3TRX6f1/NyaGPfuNUZOWP1pUEb75B2HjfklIYLVRfWiFZJyC6Npg==}

  react-router@8.0.1:
    resolution: {integrity: sha512-5EL/fANovVUhRK50NLS8RYfX0BxrimoKsHWUPPy8v5UEl8i6vzF7e4POo3u+AhPItDwccUAJjMfIOmydxBJmQw==}
    engines: {node: '>=22.22.0'}
    peerDependencies:
      react: '>=19.2.7'
      react-dom: '>=19.2.7'
    peerDependenciesMeta:
      react-dom:
        optional: true

  react@19.2.7:
    resolution: {integrity: sha512-HNe9WslTbXmFK8o8cmwgAeJFSBvt1bPdHCVKtaaV+WlAN36mpT4hcRpwbf3fY56ar2oIXzsBpOAiIRHAdY0OlQ==}
    engines: {node: '>=0.10.0'}

snapshots:

  cookie-es@3.1.1: {}

  react-router@8.0.1(react@19.2.7):
    dependencies:
      cookie-es: 3.1.1
      react: 19.2.7

  react@19.2.7: {}
